
Microsoft Visual Studio Solution File, Format Version 12.00
# Visual Studio Version 17
VisualStudioVersion = 17.6.33829.357
MinimumVisualStudioVersion = 10.0.40219.1
Project("{FAE04EC0-301F-11D3-BF4B-00C04F79EFBC}") = "TreeImplementation", "TreeImplementation\TreeImplementation.csproj", "{4BBD9733-41F0-45F1-AE0C-6AFD2AD94455}"
EndProject
Project("{FAE04EC0-301F-11D3-BF4B-00C04F79EFBC}") = "TestProject1", "TestProject1\TestProject1.csproj", "{1E3EF271-55E1-4393-8864-8D470C95C456}"
EndProject
Global
	GlobalSection(SolutionConfigurationPlatforms) = preSolution
		Debug|Any CPU = Debug|Any CPU
		Release|Any CPU = Release|Any CPU
	EndGlobalSection
	GlobalSection(ProjectConfigurationPlatforms) = postSolution
		{4BBD9733-41F0-45F1-AE0C-6AFD2AD94455}.Debug|Any CPU.ActiveCfg = Debug|Any CPU
		{4BBD9733-41F0-45F1-AE0C-6AFD2AD94455}.Debug|Any CPU.Build.0 = Debug|Any CPU
		{4BBD9733-41F0-45F1-AE0C-6AFD2AD94455}.Release|Any CPU.ActiveCfg = Release|Any CPU
		{4BBD9733-41F0-45F1-AE0C-6AFD2AD94455}.Release|Any CPU.Build.0 = Release|Any CPU
		{1E3EF271-55E1-4393-8864-8D470C95C456}.Debug|Any CPU.ActiveCfg = Debug|Any CPU
		{1E3EF271-55E1-4393-8864-8D470C95C456}.Debug|Any CPU.Build.0 = Debug|Any CPU
		{1E3EF271-55E1-4393-8864-8D470C95C456}.Release|Any CPU.ActiveCfg = Release|Any CPU
		{1E3EF271-55E1-4393-8864-8D470C95C456}.Release|Any CPU.Build.0 = Release|Any CPU
	EndGlobalSection
	GlobalSection(SolutionProperties) = preSolution
		HideSolutionNode = FALSE
	EndGlobalSection
	GlobalSection(ExtensibilityGlobals) = postSolution
		SolutionGuid = {B05A8430-C191-4129-A4FE-02B3A5357F93}
	EndGlobalSection
EndGlobal
