
Microsoft Visual Studio Solution File, Format Version 12.00
# Visual Studio Version 17
VisualStudioVersion = 17.7.34024.191
MinimumVisualStudioVersion = 10.0.40219.1
Project("{FAE04EC0-301F-11D3-BF4B-00C04F79EFBC}") = "SortingComparisons", "SortingComparisons\SortingComparisons.csproj", "{320D4E07-D04A-4562-AFAD-181A38C4B438}"
EndProject
Project("{FAE04EC0-301F-11D3-BF4B-00C04F79EFBC}") = "SortingComparisons-Test", "SortingComparisons-Test\SortingComparisons-Test.csproj", "{55042648-4C1D-45F6-B3CE-03B1E23CC62B}"
EndProject
Global
	GlobalSection(SolutionConfigurationPlatforms) = preSolution
		Debug|Any CPU = Debug|Any CPU
		Release|Any CPU = Release|Any CPU
	EndGlobalSection
	GlobalSection(ProjectConfigurationPlatforms) = postSolution
		{320D4E07-D04A-4562-AFAD-181A38C4B438}.Debug|Any CPU.ActiveCfg = Debug|Any CPU
		{320D4E07-D04A-4562-AFAD-181A38C4B438}.Debug|Any CPU.Build.0 = Debug|Any CPU
		{320D4E07-D04A-4562-AFAD-181A38C4B438}.Release|Any CPU.ActiveCfg = Release|Any CPU
		{320D4E07-D04A-4562-AFAD-181A38C4B438}.Release|Any CPU.Build.0 = Release|Any CPU
		{55042648-4C1D-45F6-B3CE-03B1E23CC62B}.Debug|Any CPU.ActiveCfg = Debug|Any CPU
		{55042648-4C1D-45F6-B3CE-03B1E23CC62B}.Debug|Any CPU.Build.0 = Debug|Any CPU
		{55042648-4C1D-45F6-B3CE-03B1E23CC62B}.Release|Any CPU.ActiveCfg = Release|Any CPU
		{55042648-4C1D-45F6-B3CE-03B1E23CC62B}.Release|Any CPU.Build.0 = Release|Any CPU
	EndGlobalSection
	GlobalSection(SolutionProperties) = preSolution
		HideSolutionNode = FALSE
	EndGlobalSection
	GlobalSection(ExtensibilityGlobals) = postSolution
		SolutionGuid = {0B2C88F8-7B80-4327-8BCC-D9BFE191B5BF}
	EndGlobalSection
EndGlobal
