
Microsoft Visual Studio Solution File, Format Version 12.00
# Visual Studio Version 17
VisualStudioVersion = 17.7.34031.279
MinimumVisualStudioVersion = 10.0.40219.1
Project("{FAE04EC0-301F-11D3-BF4B-00C04F79EFBC}") = "BusinessTripImplementation", "BusinessTripImplementation\BusinessTripImplementation.csproj", "{CEBF0FB1-F66C-4CED-A2DB-F84CD6172CE7}"
EndProject
Project("{FAE04EC0-301F-11D3-BF4B-00C04F79EFBC}") = "business-trip-unittests", "business-trip-unittests\business-trip-unittests.csproj", "{0655831D-FFF0-47CE-AEA0-7853F6C2BE02}"
EndProject
Global
	GlobalSection(SolutionConfigurationPlatforms) = preSolution
		Debug|Any CPU = Debug|Any CPU
		Release|Any CPU = Release|Any CPU
	EndGlobalSection
	GlobalSection(ProjectConfigurationPlatforms) = postSolution
		{CEBF0FB1-F66C-4CED-A2DB-F84CD6172CE7}.Debug|Any CPU.ActiveCfg = Debug|Any CPU
		{CEBF0FB1-F66C-4CED-A2DB-F84CD6172CE7}.Debug|Any CPU.Build.0 = Debug|Any CPU
		{CEBF0FB1-F66C-4CED-A2DB-F84CD6172CE7}.Release|Any CPU.ActiveCfg = Release|Any CPU
		{CEBF0FB1-F66C-4CED-A2DB-F84CD6172CE7}.Release|Any CPU.Build.0 = Release|Any CPU
		{0655831D-FFF0-47CE-AEA0-7853F6C2BE02}.Debug|Any CPU.ActiveCfg = Debug|Any CPU
		{0655831D-FFF0-47CE-AEA0-7853F6C2BE02}.Debug|Any CPU.Build.0 = Debug|Any CPU
		{0655831D-FFF0-47CE-AEA0-7853F6C2BE02}.Release|Any CPU.ActiveCfg = Release|Any CPU
		{0655831D-FFF0-47CE-AEA0-7853F6C2BE02}.Release|Any CPU.Build.0 = Release|Any CPU
	EndGlobalSection
	GlobalSection(SolutionProperties) = preSolution
		HideSolutionNode = FALSE
	EndGlobalSection
	GlobalSection(ExtensibilityGlobals) = postSolution
		SolutionGuid = {89A34D31-93DE-4CCA-B0E1-D05C73D7322C}
	EndGlobalSection
EndGlobal
